<?xml version="1.0" encoding="utf-8"?>
<Project ToolsVersion="4.0" xmlns="http://schemas.microsoft.com/developer/msbuild/2003">
  <ItemGroup>
    <Filter Include="features">
      <UniqueIdentifier>{96110a9e-6a7c-4f81-8439-0098de2376a8}</UniqueIdentifier>
    </Filter>
    <Filter Include="helpers">
      <UniqueIdentifier>{aeae5db0-75a8-4cb2-b337-374a068dc2fb}</UniqueIdentifier>
    </Filter>
    <Filter Include="options">
      <UniqueIdentifier>{a9d718e4-2001-444f-b3bb-120e3851551e}</UniqueIdentifier>
    </Filter>
    <Filter Include="features\misc">
      <UniqueIdentifier>{349a7a67-ab42-4d6e-924e-4c373046a9c8}</UniqueIdentifier>
    </Filter>
    <Filter Include="deps">
      <UniqueIdentifier>{14f0176c-ba3f-4a98-8b85-3aeb63269705}</UniqueIdentifier>
    </Filter>
    <Filter Include="deps\imgui">
      <UniqueIdentifier>{be04c48c-66c1-4221-ac11-38f6bab82130}</UniqueIdentifier>
    </Filter>
    <Filter Include="deps\jsoncpp">
      <UniqueIdentifier>{c5f1c7ee-cbc0-43fb-9cd7-aec2fa44fd55}</UniqueIdentifier>
    </Filter>
    <Filter Include="deps\blackbone">
      <UniqueIdentifier>{12ca3def-39ff-4909-942f-3f4a9a8f6085}</UniqueIdentifier>
    </Filter>
    <Filter Include="deps\blackbone\LocalHook">
      <UniqueIdentifier>{9a49b397-655a-4f16-84d9-52a7775c64a9}</UniqueIdentifier>
    </Filter>
    <Filter Include="render">
      <UniqueIdentifier>{6702b6cf-3aab-4b19-a204-73fca927030d}</UniqueIdentifier>
    </Filter>
    <Filter Include="hooks">
      <UniqueIdentifier>{358b31a5-4b06-4738-a8ce-1f92e00b3c0d}</UniqueIdentifier>
    </Filter>
    <Filter Include="render\fonts">
      <UniqueIdentifier>{16f626b5-04a9-48f7-aa6e-65788ad04b55}</UniqueIdentifier>
    </Filter>
    <Filter Include="features\visuals">
      <UniqueIdentifier>{74267e1a-7998-414b-886e-d71f52514088}</UniqueIdentifier>
    </Filter>
    <Filter Include="features\movement">
      <UniqueIdentifier>{e76a48bf-21ba-49dd-a1b3-c71e16e87ecf}</UniqueIdentifier>
    </Filter>
    <Filter Include="valve_sdk">
      <UniqueIdentifier>{7c1dc5a2-67bd-44d2-85a8-d72978e0971a}</UniqueIdentifier>
    </Filter>
    <Filter Include="valve_sdk\interfaces">
      <UniqueIdentifier>{62d9e389-6f5d-431b-a47a-e6152d85df84}</UniqueIdentifier>
    </Filter>
    <Filter Include="valve_sdk\math">
      <UniqueIdentifier>{2656ef91-fef8-4898-a01e-7a2728ea194e}</UniqueIdentifier>
    </Filter>
    <Filter Include="valve_sdk\misc">
      <UniqueIdentifier>{9de931ed-b6a8-42dd-bdfc-39e509a442d3}</UniqueIdentifier>
    </Filter>
    <Filter Include="render\tabs">
      <UniqueIdentifier>{dcb7f1c4-aed0-4904-a508-99f9b426819b}</UniqueIdentifier>
    </Filter>
    <Filter Include="security">
      <UniqueIdentifier>{bf2b8af1-74b2-484c-8e4a-737cf672c13b}</UniqueIdentifier>
    </Filter>
  </ItemGroup>
  <ItemGroup>
    <ClCompile Include="valve_sdk\csgostructs.cpp">
      <Filter>valve_sdk</Filter>
    </ClCompile>
    <ClCompile Include="valve_sdk\netvars.cpp">
      <Filter>valve_sdk</Filter>
    </ClCompile>
    <ClCompile Include="valve_sdk\sdk.cpp">
      <Filter>valve_sdk</Filter>
    </ClCompile>
    <ClCompile Include="valve_sdk\misc\characterset.cpp">
      <Filter>valve_sdk\misc</Filter>
    </ClCompile>
    <ClCompile Include="valve_sdk\misc\Color.cpp">
      <Filter>valve_sdk\misc</Filter>
    </ClCompile>
    <ClCompile Include="valve_sdk\misc\Convar.cpp">
      <Filter>valve_sdk\misc</Filter>
    </ClCompile>
    <ClCompile Include="valve_sdk\misc\UtlBuffer.cpp">
      <Filter>valve_sdk\misc</Filter>
    </ClCompile>
    <ClCompile Include="valve_sdk\misc\UtlString.cpp">
      <Filter>valve_sdk\misc</Filter>
    </ClCompile>
    <ClCompile Include="helpers\math.cpp">
      <Filter>helpers</Filter>
    </ClCompile>
    <ClCompile Include="valve_sdk\math\VMatrix.cpp">
      <Filter>valve_sdk\math</Filter>
    </ClCompile>
    <ClCompile Include="main.cpp" />
    <ClCompile Include="imgui\imgui.cpp">
      <Filter>deps\imgui</Filter>
    </ClCompile>
    <ClCompile Include="imgui\imgui_draw.cpp">
      <Filter>deps\imgui</Filter>
    </ClCompile>
    <ClCompile Include="imgui\directx9\imgui_impl_dx9.cpp">
      <Filter>deps\imgui</Filter>
    </ClCompile>
    <ClCompile Include="jsoncpp\jsoncpp.cpp">
      <Filter>deps\jsoncpp</Filter>
    </ClCompile>
    <ClCompile Include="options.cpp">
      <Filter>options</Filter>
    </ClCompile>
    <ClCompile Include="valve_sdk\math\Vectors.cpp">
      <Filter>valve_sdk\math</Filter>
    </ClCompile>
    <ClCompile Include="features\no_flash.cpp">
      <Filter>features\misc</Filter>
    </ClCompile>
    <ClCompile Include="features\no_smoke.cpp">
      <Filter>features\misc</Filter>
    </ClCompile>
    <ClCompile Include="helpers\console.cpp">
      <Filter>helpers</Filter>
    </ClCompile>
    <ClCompile Include="helpers\utils.cpp">
      <Filter>helpers</Filter>
    </ClCompile>
    <ClCompile Include="helpers\input.cpp">
      <Filter>helpers</Filter>
    </ClCompile>
    <ClCompile Include="deps\blackbone\LocalHook\LocalHookBase.cpp">
      <Filter>deps\blackbone\LocalHook</Filter>
    </ClCompile>
    <ClCompile Include="deps\blackbone\LocalHook\TraceHook.cpp">
      <Filter>deps\blackbone\LocalHook</Filter>
    </ClCompile>
    <ClCompile Include="helpers\vfunc_hook.cpp">
      <Filter>helpers</Filter>
    </ClCompile>
    <ClCompile Include="valve_sdk\misc\checksum_crc.cpp">
      <Filter>valve_sdk\interfaces</Filter>
    </ClCompile>
    <ClCompile Include="render\render.cpp">
      <Filter>render</Filter>
    </ClCompile>
    <ClCompile Include="render\menu.cpp">
      <Filter>render</Filter>
    </ClCompile>
    <ClCompile Include="hooks\present.cpp">
      <Filter>hooks</Filter>
    </ClCompile>
    <ClCompile Include="hooks\reset.cpp">
      <Filter>hooks</Filter>
    </ClCompile>
    <ClCompile Include="render\spectators.cpp">
      <Filter>render</Filter>
    </ClCompile>
    <ClCompile Include="render\timers.cpp">
      <Filter>render</Filter>
    </ClCompile>
    <ClCompile Include="hooks\create_move.cpp">
      <Filter>hooks</Filter>
    </ClCompile>
    <ClCompile Include="hooks\sequence.cpp">
      <Filter>hooks</Filter>
    </ClCompile>
    <ClCompile Include="hooks\find_mdl.cpp">
      <Filter>hooks</Filter>
    </ClCompile>
    <ClCompile Include="hooks\draw_indexed_primitive.cpp">
      <Filter>hooks</Filter>
    </ClCompile>
    <ClCompile Include="render\fonts\droidsans.hpp">
      <Filter>render\fonts</Filter>
    </ClCompile>
    <ClCompile Include="features\skins.cpp">
      <Filter>features\misc</Filter>
    </ClCompile>
    <ClCompile Include="features\visuals.cpp">
      <Filter>features\visuals</Filter>
    </ClCompile>
    <ClCompile Include="features\esp.cpp">
      <Filter>features\visuals</Filter>
    </ClCompile>
    <ClCompile Include="features\color_modulate.cpp">
      <Filter>features\visuals</Filter>
    </ClCompile>
    <ClCompile Include="features\auto_strafe.cpp">
      <Filter>features\movement</Filter>
    </ClCompile>
    <ClCompile Include="features\bhop.cpp">
      <Filter>features\movement</Filter>
    </ClCompile>
    <ClCompile Include="features\fake_lags.cpp">
      <Filter>features\movement</Filter>
    </ClCompile>
    <ClCompile Include="features\moon_walk.cpp">
      <Filter>features\movement</Filter>
    </ClCompile>
    <ClCompile Include="features\zeusbot.cpp">
      <Filter>features\movement</Filter>
    </ClCompile>
    <ClCompile Include="features\lighting_shots.cpp">
      <Filter>features\movement</Filter>
    </ClCompile>
    <ClCompile Include="helpers\http.cpp">
      <Filter>helpers</Filter>
    </ClCompile>
    <ClCompile Include="features\aimbot.cpp">
      <Filter>features\movement</Filter>
    </ClCompile>
    <ClCompile Include="settings.cpp">
      <Filter>options</Filter>
    </ClCompile>
    <ClCompile Include="features\thirdperson.cpp">
      <Filter>features\misc</Filter>
    </ClCompile>
    <ClCompile Include="helpers\notifies.cpp">
      <Filter>helpers</Filter>
    </ClCompile>
    <ClCompile Include="hooks\hooks.cpp">
      <Filter>hooks</Filter>
    </ClCompile>
    <ClCompile Include="render\tabs\visuals_tab.cpp">
      <Filter>render\tabs</Filter>
    </ClCompile>
    <ClCompile Include="render\tabs\configs_tab.cpp">
      <Filter>render\tabs</Filter>
    </ClCompile>
    <ClCompile Include="render\tabs\aimbot_tab.cpp">
      <Filter>render\tabs</Filter>
    </ClCompile>
    <ClCompile Include="render\tabs\players_tab.cpp">
      <Filter>render\tabs</Filter>
    </ClCompile>
    <ClCompile Include="render\tabs\misc_tab.cpp">
      <Filter>render\tabs</Filter>
    </ClCompile>
    <ClCompile Include="render\tabs\skins_tab.cpp">
      <Filter>render\tabs</Filter>
    </ClCompile>
    <ClCompile Include="hooks\frame_stage_notify.cpp">
      <Filter>hooks</Filter>
    </ClCompile>
    <ClCompile Include="hooks\game_coordinator.cpp">
      <Filter>hooks</Filter>
    </ClCompile>
    <ClCompile Include="hooks\netchannel.cpp">
      <Filter>hooks</Filter>
    </ClCompile>
    <ClCompile Include="features\engine_prediction.cpp">
      <Filter>features\movement</Filter>
    </ClCompile>
    <ClCompile Include="features\grenade_prediction.cpp">
      <Filter>features\visuals</Filter>
    </ClCompile>
    <ClCompile Include="config.cpp">
      <Filter>options</Filter>
    </ClCompile>
    <ClCompile Include="globals.cpp">
      <Filter>options</Filter>
    </ClCompile>
    <ClCompile Include="features\clantag.cpp">
      <Filter>features\misc</Filter>
    </ClCompile>
    <ClCompile Include="features\offscreen.cpp">
      <Filter>features\visuals</Filter>
    </ClCompile>
    <ClCompile Include="helpers\entities.cpp">
      <Filter>helpers</Filter>
    </ClCompile>
    <ClCompile Include="helpers\imdraw.cpp">
      <Filter>helpers</Filter>
    </ClCompile>
    <ClCompile Include="features\desync.cpp">
      <Filter>features\movement</Filter>
    </ClCompile>
    <ClCompile Include="security\xor.h">
      <Filter>security</Filter>
    </ClCompile>
    <ClCompile Include="hooks\fire_bullets.cpp">
      <Filter>hooks</Filter>
    </ClCompile>
    <ClCompile Include="helpers\autowall.cpp">
      <Filter>helpers</Filter>
    </ClCompile>
    <ClCompile Include="features\fake_duck.cpp">
      <Filter>features\movement</Filter>
    </ClCompile>
    <ClCompile Include="features\lobby_inviter.cpp">
      <Filter>features\misc</Filter>
    </ClCompile>
    <ClCompile Include="features\slow_walk.cpp">
      <Filter>features\movement</Filter>
    </ClCompile>
    <ClCompile Include="features\knife_bot.cpp">
      <Filter>features\movement</Filter>
    </ClCompile>
    <ClCompile Include="features\resolver.cpp">
      <Filter>features\misc</Filter>
    </ClCompile>
    <ClCompile Include="human_bhop.cpp">
      <Filter>features\movement</Filter>
    </ClCompile>
    <ClCompile Include="Sounds.cpp">
      <Filter>features\misc</Filter>
    </ClCompile>
    <ClCompile Include="LagPeek.cpp">
      <Filter>features\movement</Filter>
    </ClCompile>
    <ClCompile Include="vec3d.cpp">
      <Filter>valve_sdk\math</Filter>
    </ClCompile>
    <ClCompile Include="Selfnade.cpp">
      <Filter>features\movement</Filter>
    </ClCompile>
    <ClCompile Include="Chams.cpp">
      <Filter>features\visuals</Filter>
    </ClCompile>
    <ClCompile Include="MaterialManager.cpp">
      <Filter>helpers</Filter>
    </ClCompile>
    <ClCompile Include="glow_tab.cpp">
      <Filter>render\tabs</Filter>
    </ClCompile>
    <ClCompile Include="HitPossitionHelper.cpp">
      <Filter>helpers</Filter>
    </ClCompile>
    <ClCompile Include="Backtrack_new.cpp">
      <Filter>features\movement</Filter>
    </ClCompile>
  </ItemGroup>
  <ItemGroup>
    <ClInclude Include="imgui\directx9\imgui_impl_dx9.h">
      <Filter>deps\imgui</Filter>
    </ClInclude>
    <ClInclude Include="imgui\imgui_internal.h">
      <Filter>deps\imgui</Filter>
    </ClInclude>
    <ClInclude Include="imgui\imgui.h">
      <Filter>deps\imgui</Filter>
    </ClInclude>
    <ClInclude Include="valve_sdk\interfaces\IViewRender.hpp">
      <Filter>valve_sdk\interfaces</Filter>
    </ClInclude>
    <ClInclude Include="valve_sdk\interfaces\IVEngineClient.hpp">
      <Filter>valve_sdk\interfaces</Filter>
    </ClInclude>
    <ClInclude Include="valve_sdk\interfaces\IPrediction.hpp">
      <Filter>valve_sdk\interfaces</Filter>
    </ClInclude>
    <ClInclude Include="valve_sdk\interfaces\IPhysics.hpp">
      <Filter>valve_sdk\interfaces</Filter>
    </ClInclude>
    <ClInclude Include="valve_sdk\interfaces\IPanel.hpp">
      <Filter>valve_sdk\interfaces</Filter>
    </ClInclude>
    <ClInclude Include="valve_sdk\interfaces\IMoveHelper.hpp">
      <Filter>valve_sdk\interfaces</Filter>
    </ClInclude>
    <ClInclude Include="valve_sdk\interfaces\IMDLCache.hpp">
      <Filter>valve_sdk\interfaces</Filter>
    </ClInclude>
    <ClInclude Include="valve_sdk\interfaces\IMaterialSystem.hpp">
      <Filter>valve_sdk\interfaces</Filter>
    </ClInclude>
    <ClInclude Include="valve_sdk\interfaces\IEngineTrace.hpp">
      <Filter>valve_sdk\interfaces</Filter>
    </ClInclude>
    <ClInclude Include="valve_sdk\interfaces\IConVar.hpp">
      <Filter>valve_sdk\interfaces</Filter>
    </ClInclude>
    <ClInclude Include="valve_sdk\interfaces\IClientThinkable.hpp">
      <Filter>valve_sdk\interfaces</Filter>
    </ClInclude>
    <ClInclude Include="valve_sdk\interfaces\IClientRenderable.hpp">
      <Filter>valve_sdk\interfaces</Filter>
    </ClInclude>
    <ClInclude Include="valve_sdk\interfaces\IClientUnknown.hpp">
      <Filter>valve_sdk\interfaces</Filter>
    </ClInclude>
    <ClInclude Include="valve_sdk\interfaces\IClientEntityList.hpp">
      <Filter>valve_sdk\interfaces</Filter>
    </ClInclude>
    <ClInclude Include="valve_sdk\interfaces\IClientNetworkable.hpp">
      <Filter>valve_sdk\interfaces</Filter>
    </ClInclude>
    <ClInclude Include="valve_sdk\interfaces\IClientMode.hpp">
      <Filter>valve_sdk\interfaces</Filter>
    </ClInclude>
    <ClInclude Include="valve_sdk\interfaces\IClientEntity.hpp">
      <Filter>valve_sdk\interfaces</Filter>
    </ClInclude>
    <ClInclude Include="valve_sdk\interfaces\CInput.hpp">
      <Filter>valve_sdk\interfaces</Filter>
    </ClInclude>
    <ClInclude Include="valve_sdk\math\VMatrix.hpp">
      <Filter>valve_sdk\math</Filter>
    </ClInclude>
    <ClInclude Include="valve_sdk\misc\BaseHandle.hpp">
      <Filter>valve_sdk\misc</Filter>
    </ClInclude>
    <ClInclude Include="valve_sdk\misc\ClientClass.hpp">
      <Filter>valve_sdk\misc</Filter>
    </ClInclude>
    <ClInclude Include="valve_sdk\misc\Color.hpp">
      <Filter>valve_sdk\misc</Filter>
    </ClInclude>
    <ClInclude Include="valve_sdk\misc\Convar.hpp">
      <Filter>valve_sdk\misc</Filter>
    </ClInclude>
    <ClInclude Include="valve_sdk\misc\characterset.hpp">
      <Filter>valve_sdk\misc</Filter>
    </ClInclude>
    <ClInclude Include="valve_sdk\misc\CUserCmd.hpp">
      <Filter>valve_sdk\misc</Filter>
    </ClInclude>
    <ClInclude Include="valve_sdk\misc\EHandle.hpp">
      <Filter>valve_sdk\misc</Filter>
    </ClInclude>
    <ClInclude Include="valve_sdk\misc\Enums.hpp">
      <Filter>valve_sdk\misc</Filter>
    </ClInclude>
    <ClInclude Include="valve_sdk\misc\IHandleEntity.hpp">
      <Filter>valve_sdk\misc</Filter>
    </ClInclude>
    <ClInclude Include="valve_sdk\misc\platform.hpp">
      <Filter>valve_sdk\misc</Filter>
    </ClInclude>
    <ClInclude Include="valve_sdk\misc\Recv.hpp">
      <Filter>valve_sdk\misc</Filter>
    </ClInclude>
    <ClInclude Include="valve_sdk\misc\Studio.hpp">
      <Filter>valve_sdk\misc</Filter>
    </ClInclude>
    <ClInclude Include="valve_sdk\misc\UtlBuffer.hpp">
      <Filter>valve_sdk\misc</Filter>
    </ClInclude>
    <ClInclude Include="valve_sdk\misc\UtlMemory.hpp">
      <Filter>valve_sdk\misc</Filter>
    </ClInclude>
    <ClInclude Include="valve_sdk\misc\UtlString.hpp">
      <Filter>valve_sdk\misc</Filter>
    </ClInclude>
    <ClInclude Include="valve_sdk\misc\UtlVector.hpp">
      <Filter>valve_sdk\misc</Filter>
    </ClInclude>
    <ClInclude Include="valve_sdk\misc\vfunc.hpp">
      <Filter>valve_sdk\misc</Filter>
    </ClInclude>
    <ClInclude Include="valve_sdk\csgostructs.hpp">
      <Filter>valve_sdk</Filter>
    </ClInclude>
    <ClInclude Include="valve_sdk\netvars.hpp">
      <Filter>valve_sdk</Filter>
    </ClInclude>
    <ClInclude Include="valve_sdk\sdk.hpp">
      <Filter>valve_sdk</Filter>
    </ClInclude>
    <ClInclude Include="valve_sdk\interfaces\IRefCounted.h">
      <Filter>valve_sdk\interfaces</Filter>
    </ClInclude>
    <ClInclude Include="features\features.h">
      <Filter>features</Filter>
    </ClInclude>
    <ClInclude Include="jsoncpp\json.h">
      <Filter>deps\jsoncpp</Filter>
    </ClInclude>
    <ClInclude Include="jsoncpp\json-forwards.h">
      <Filter>deps\jsoncpp</Filter>
    </ClInclude>
    <ClInclude Include="options.hpp">
      <Filter>options</Filter>
    </ClInclude>
    <ClInclude Include="valve_sdk\math\QAngle.hpp">
      <Filter>valve_sdk\math</Filter>
    </ClInclude>
    <ClInclude Include="valve_sdk\math\Vectors.hpp">
      <Filter>valve_sdk\math</Filter>
    </ClInclude>
    <ClInclude Include="valve_sdk\interfaces\IGameEvent.hpp">
      <Filter>valve_sdk\interfaces</Filter>
    </ClInclude>
    <ClInclude Include="valve_sdk\interfaces\IAppSystem.h">
      <Filter>valve_sdk\interfaces</Filter>
    </ClInclude>
    <ClInclude Include="valve_sdk\interfaces\ICvar.h">
      <Filter>valve_sdk\interfaces</Filter>
    </ClInclude>
    <ClInclude Include="valve_sdk\interfaces\IVModelInfo.h">
      <Filter>valve_sdk\interfaces</Filter>
    </ClInclude>
    <ClInclude Include="valve_sdk\interfaces\ISurface.h">
      <Filter>valve_sdk\interfaces</Filter>
    </ClInclude>
    <ClInclude Include="valve_sdk\interfaces\IVRenderView.h">
      <Filter>valve_sdk\interfaces</Filter>
    </ClInclude>
    <ClInclude Include="valve_sdk\interfaces\IBaseClientDLL.h">
      <Filter>valve_sdk\interfaces</Filter>
    </ClInclude>
    <ClInclude Include="valve_sdk\interfaces\CGlobalVarsBase.h">
      <Filter>valve_sdk\interfaces</Filter>
    </ClInclude>
    <ClInclude Include="valve_sdk\interfaces\IMaterial.h">
      <Filter>valve_sdk\interfaces</Filter>
    </ClInclude>
    <ClInclude Include="valve_sdk\interfaces\IVModelRender.h">
      <Filter>valve_sdk\interfaces</Filter>
    </ClInclude>
    <ClInclude Include="valve_sdk\interfaces\CClientState.h">
      <Filter>valve_sdk\interfaces</Filter>
    </ClInclude>
    <ClInclude Include="helpers\console.h">
      <Filter>helpers</Filter>
    </ClInclude>
    <ClInclude Include="helpers\input.h">
      <Filter>helpers</Filter>
    </ClInclude>
    <ClInclude Include="deps\blackbone\LocalHook\HookHandlerCdecl.h">
      <Filter>deps\blackbone\LocalHook</Filter>
    </ClInclude>
    <ClInclude Include="deps\blackbone\LocalHook\HookHandlerFastcall.h">
      <Filter>deps\blackbone\LocalHook</Filter>
    </ClInclude>
    <ClInclude Include="deps\blackbone\LocalHook\HookHandlers.h">
      <Filter>deps\blackbone\LocalHook</Filter>
    </ClInclude>
    <ClInclude Include="deps\blackbone\LocalHook\HookHandlerStdcall.h">
      <Filter>deps\blackbone\LocalHook</Filter>
    </ClInclude>
    <ClInclude Include="deps\blackbone\LocalHook\HookHandlerThiscall.h">
      <Filter>deps\blackbone\LocalHook</Filter>
    </ClInclude>
    <ClInclude Include="deps\blackbone\LocalHook\LocalHook.hpp">
      <Filter>deps\blackbone\LocalHook</Filter>
    </ClInclude>
    <ClInclude Include="deps\blackbone\LocalHook\LocalHookBase.h">
      <Filter>deps\blackbone\LocalHook</Filter>
    </ClInclude>
    <ClInclude Include="deps\blackbone\LocalHook\TraceHook.h">
      <Filter>deps\blackbone\LocalHook</Filter>
    </ClInclude>
    <ClInclude Include="imgui\stb_rect_pack.h">
      <Filter>deps\imgui</Filter>
    </ClInclude>
    <ClInclude Include="imgui\stb_textedit.h">
      <Filter>deps\imgui</Filter>
    </ClInclude>
    <ClInclude Include="imgui\stb_truetype.h">
      <Filter>deps\imgui</Filter>
    </ClInclude>
    <ClInclude Include="valve_sdk\misc\checksum_crc.hpp">
      <Filter>valve_sdk\interfaces</Filter>
    </ClInclude>
    <ClInclude Include="render\render.h">
      <Filter>render</Filter>
    </ClInclude>
    <ClInclude Include="valve_sdk\steam.h">
      <Filter>valve_sdk</Filter>
    </ClInclude>
    <ClInclude Include="valve_sdk\interfaces\CGlowObjectManager.h">
      <Filter>valve_sdk\interfaces</Filter>
    </ClInclude>
    <ClInclude Include="valve_sdk\interfaces\ILocalize.h">
      <Filter>valve_sdk\interfaces</Filter>
    </ClInclude>
    <ClInclude Include="helpers\http.h">
      <Filter>helpers</Filter>
    </ClInclude>
    <ClInclude Include="settings.h">
      <Filter>options</Filter>
    </ClInclude>
    <ClInclude Include="helpers\notifies.h">
      <Filter>helpers</Filter>
    </ClInclude>
    <ClInclude Include="hooks\hooks.h">
      <Filter>hooks</Filter>
    </ClInclude>
    <ClInclude Include="helpers\proto_parse.h">
      <Filter>helpers</Filter>
    </ClInclude>
    <ClInclude Include="valve_sdk\interfaces\IMemAlloc.h">
      <Filter>valve_sdk\interfaces</Filter>
    </ClInclude>
    <ClInclude Include="valve_sdk\interfaces\IFileSystem.h">
      <Filter>valve_sdk\interfaces</Filter>
    </ClInclude>
    <ClInclude Include="valve_sdk\patterns.h">
      <Filter>valve_sdk</Filter>
    </ClInclude>
    <ClInclude Include="config.h">
      <Filter>options</Filter>
    </ClInclude>
    <ClInclude Include="globals.h">
      <Filter>options</Filter>
    </ClInclude>
    <ClInclude Include="helpers\entities.h">
      <Filter>helpers</Filter>
    </ClInclude>
    <ClInclude Include="valve_sdk\interfaces\IViewRenderBeams.h">
      <Filter>valve_sdk\interfaces</Filter>
    </ClInclude>
    <ClInclude Include="helpers\imdraw.h">
      <Filter>helpers</Filter>
    </ClInclude>
    <ClInclude Include="security\importer.h">
      <Filter>security</Filter>
    </ClInclude>
    <ClInclude Include="helpers\autowall.h">
      <Filter>helpers</Filter>
    </ClInclude>
    <ClInclude Include="hooks\c_game_event_listener.h">
      <Filter>hooks</Filter>
    </ClInclude>
    <ClInclude Include="helpers\array.h">
      <Filter>helpers</Filter>
    </ClInclude>
    <ClInclude Include="helpers\math.h">
      <Filter>helpers</Filter>
    </ClInclude>
    <ClInclude Include="helpers\utils.h">
      <Filter>helpers</Filter>
    </ClInclude>
    <ClInclude Include="helpers\vfunc_hook.h">
      <Filter>helpers</Filter>
    </ClInclude>
    <ClInclude Include="esp.hpp">
      <Filter>features\visuals</Filter>
    </ClInclude>
    <ClInclude Include="singleton.hpp">
      <Filter>features\visuals</Filter>
    </ClInclude>
    <ClInclude Include="Sounds.h">
      <Filter>features\misc</Filter>
    </ClInclude>
    <ClInclude Include="vec3d.h">
      <Filter>valve_sdk\math</Filter>
    </ClInclude>
    <ClInclude Include="Chams.h">
      <Filter>features\visuals</Filter>
    </ClInclude>
    <ClInclude Include="MaterialManager.h">
      <Filter>helpers</Filter>
    </ClInclude>
    <ClInclude Include="glow_helper.h">
      <Filter>helpers</Filter>
    </ClInclude>
    <ClInclude Include="HitPossitionHelper.h">
      <Filter>helpers</Filter>
    </ClInclude>
    <ClInclude Include="runtime_saver.h">
      <Filter>helpers</Filter>
    </ClInclude>
    <ClInclude Include="Backtrack_new.h">
      <Filter>features\movement</Filter>
    </ClInclude>
    <ClInclude Include="IStudioRender.h">
      <Filter>valve_sdk\interfaces</Filter>
    </ClInclude>
  </ItemGroup>
</Project>