<?xml version="1.0" encoding="utf-8"?>
<Project ToolsVersion="4.0" xmlns="http://schemas.microsoft.com/developer/msbuild/2003">
  <ItemGroup>
    <Filter Include="Backend">
      <UniqueIdentifier>{95065f21-4ae3-42b5-8dbf-3114bf8fd6f0}</UniqueIdentifier>
    </Filter>
    <Filter Include="Backend\DLL">
      <UniqueIdentifier>{a058b850-8483-4044-b48b-54b703a4752e}</UniqueIdentifier>
    </Filter>
    <Filter Include="Backend\Include">
      <UniqueIdentifier>{9cbb4867-17f7-44ee-9a7c-3b91fae5728c}</UniqueIdentifier>
    </Filter>
    <Filter Include="Backend\Utility">
      <UniqueIdentifier>{5dc8906c-297c-4df7-a266-4dd165ce392a}</UniqueIdentifier>
    </Filter>
    <Filter Include="Backend\Configuration">
      <UniqueIdentifier>{9f88c792-9797-4ee8-a39c-65b29cc6b655}</UniqueIdentifier>
    </Filter>
  </ItemGroup>
  <ItemGroup>
    <ClCompile Include="Backend\DLL\Main.cpp">
      <Filter>Backend\DLL</Filter>
    </ClCompile>
    <ClCompile Include="Backend\Utility\Utilities.cpp">
      <Filter>Backend\Utility</Filter>
    </ClCompile>
    <ClCompile Include="Backend\Configuration\Settings.cpp" />
    <ClCompile Include="Backend\DLL\Engine.cpp" />
    <ClCompile Include="Frontend\Rendering\Render.cpp" />
    <ClCompile Include="Backend\Interfaces\Interfaces.cpp" />
    <ClCompile Include="Backend\SDK\SDK.cpp" />
    <ClCompile Include="Backend\Interfaces\NetVar.cpp" />
    <ClCompile Include="Backend\SDK\GlobalDefenitions.cpp" />
    <ClCompile Include="Backend\Features\Visuals\Visuals.cpp" />
    <ClCompile Include="Backend\Features\Misc\Misc.cpp" />
    <ClCompile Include="Backend\Features\Visuals\Drawing.cpp" />
    <ClCompile Include="Backend\Features\EventListener.cpp" />
    <ClCompile Include="Backend\SDK\CMaterialHelper.cpp" />
    <ClCompile Include="Backend\SDK\SpoofedVar.cpp" />
    <ClCompile Include="Backend\Features\Visuals\EventLogger.cpp" />
    <ClCompile Include="Backend\Utility\Timer.cpp" />
    <ClCompile Include="Backend\Include\GlobalVariables.cpp" />
    <ClCompile Include="Backend\Security\Security.cpp" />
    <ClCompile Include="Backend\Security\aes256.cpp" />
    <ClCompile Include="Backend\Security\base64.cpp" />
    <ClCompile Include="Backend\Security\blowfish.cpp" />
    <ClCompile Include="Backend\Security\md5.cpp" />
    <ClCompile Include="Backend\Features\Misc\LagCompensation.cpp" />
    <ClCompile Include="Backend\DLL\HWID\HWID.cpp" />
    <ClCompile Include="Backend\Features\Ragebot\AntiAims.cpp" />
    <ClCompile Include="Backend\Features\Ragebot\Prediction\Prediction.cpp" />
    <ClCompile Include="Backend\clip.cpp" />
    <ClCompile Include="Backend\clip_win.cpp" />
    <ClCompile Include="Backend\Lua\CLuaHook.cpp" />
    <ClCompile Include="Backend\Hooking\KeyHandler.cpp" />
    <ClCompile Include="Backend\Features\Ragebot\Resolver.cpp" />
    <ClCompile Include="Backend\DLL\Client\ActiveSocket.cpp" />
    <ClCompile Include="Backend\DLL\Client\Client.cpp" />
    <ClCompile Include="Backend\DLL\Client\PassiveSocket.cpp" />
    <ClCompile Include="Backend\DLL\Client\SimpleSocket.cpp" />
    <ClCompile Include="Backend\DLL\Client\Xor.cpp" />
    <ClCompile Include="Backend\SDK\Entities.cpp" />
    <ClCompile Include="Backend\Features\Skinchanger\DynSkin.cpp" />
    <ClCompile Include="Backend\Features\Skinchanger\cskin.cpp" />
    <ClCompile Include="Backend\Features\Ragebot\animation.cpp" />
    <ClCompile Include="Backend\Lua\CLua.cpp" />
    <ClCompile Include="Frontend\UI\imgui.cpp" />
    <ClCompile Include="Frontend\UI\imgui_demo.cpp" />
    <ClCompile Include="Frontend\UI\imgui_draw.cpp" />
    <ClCompile Include="Frontend\UI\imgui_impl_dx9.cpp" />
    <ClCompile Include="Frontend\UI\imgui_impl_win32.cpp" />
    <ClCompile Include="Frontend\UI\imgui_widgets.cpp" />
    <ClCompile Include="Frontend\Menu\cmenu.cpp" />
    <ClCompile Include="Backend\Features\c_fps.cpp" />
    <ClCompile Include="Backend\Features\Ragebot\c_ragebot.cpp" />
    <ClCompile Include="Backend\Features\Ragebot\CAutoWall.cpp" />
    <ClCompile Include="Backend\Features\Ragebot\c_backtrack.cpp" />
    <ClCompile Include="Backend\Features\Ragebot\c_playerlist.cpp" />
    <ClCompile Include="Frontend\UI\imgui_freetype.cpp" />
    <ClCompile Include="Backend\_fixes\anticrash.cpp" />
    <ClCompile Include="Backend\_fixes\lend\ld32.c" />
    <ClCompile Include="Backend\Features\Legitbot\c_legitbot.cpp" />
    <ClCompile Include="Backend\Configuration\Config.cpp" />
    <ClCompile Include="Backend\Features\Legitbot\c_triggerbot.cpp" />
    <ClCompile Include="Backend\Features\Legitbot\c_legit_backtrack.cpp" />
    <ClCompile Include="Backend\Features\Legitbot\legit_utils.cpp" />
    <ClCompile Include="Backend\Features\Legitbot\c_legitbot2.cpp" />
    <ClCompile Include="Backend\Features\Skinchanger\skinchanger.cpp" />
    <ClCompile Include="Backend\Features\Skinchanger\skinchanger2.cpp" />
    <ClCompile Include="Backend\Features\Skinchanger\item_definitions.cpp" />
    <ClCompile Include="Backend\Features\Skinchanger\Memory.cpp" />
  </ItemGroup>
  <ItemGroup>
    <ClInclude Include="Backend\Include\GlobalIncludes.h">
      <Filter>Backend\Include</Filter>
    </ClInclude>
    <ClInclude Include="Backend\Utility\Utilities.h">
      <Filter>Backend\Utility</Filter>
    </ClInclude>
    <ClInclude Include="Backend\Configuration\Settings.h" />
    <ClInclude Include="Other\version.h" />
    <ClInclude Include="Backend\DLL\Engine.h" />
    <ClInclude Include="Frontend\Rendering\Render.h" />
    <ClInclude Include="Frontend\Other\ColorMgr.hpp" />
    <ClInclude Include="Backend\Hooking\Functions\Reset.hpp" />
    <ClInclude Include="Backend\Hooking\Functions\WndProc.hpp" />
    <ClInclude Include="Backend\Configuration\Config.h" />
    <ClInclude Include="Backend\Interfaces\Interfaces.h" />
    <ClInclude Include="Backend\SDK\AnimLayer.h" />
    <ClInclude Include="Backend\SDK\CBaseAnimState.h" />
    <ClInclude Include="Backend\SDK\CBaseEntity.h" />
    <ClInclude Include="Backend\SDK\CBaseWeapon.h" />
    <ClInclude Include="Backend\SDK\CClientEntityList.h" />
    <ClInclude Include="Backend\SDK\CGlobalVars.h" />
    <ClInclude Include="Backend\SDK\CGlowObjectManager.h" />
    <ClInclude Include="Backend\SDK\CInput.h" />
    <ClInclude Include="Backend\SDK\CInputSystem.h" />
    <ClInclude Include="Backend\SDK\CPanel.h" />
    <ClInclude Include="Backend\SDK\CPrediction.h" />
    <ClInclude Include="Backend\SDK\CTrace.h" />
    <ClInclude Include="Backend\SDK\CUserCmd.h" />
    <ClInclude Include="Backend\SDK\CViewSetup.h" />
    <ClInclude Include="Backend\SDK\Checksum_CRC.h" />
    <ClInclude Include="Backend\SDK\Collideable.h" />
    <ClInclude Include="Backend\SDK\ConVar.h" />
    <ClInclude Include="Backend\SDK\GameEvents.h" />
    <ClInclude Include="Backend\SDK\IClient.h" />
    <ClInclude Include="Backend\SDK\IEngine.h" />
    <ClInclude Include="Backend\SDK\IMaterial.h" />
    <ClInclude Include="Backend\SDK\INetChannelInfo.h" />
    <ClInclude Include="Backend\SDK\ISurface.h" />
    <ClInclude Include="Backend\SDK\IVDebugOverlay.h" />
    <ClInclude Include="Backend\SDK\IVRenderBeams.h" />
    <ClInclude Include="Backend\SDK\ModelInfo.h" />
    <ClInclude Include="Backend\SDK\ModelRender.h" />
    <ClInclude Include="Backend\SDK\NetChannel.h" />
    <ClInclude Include="Backend\SDK\RecvData.h" />
    <ClInclude Include="Backend\SDK\RenderView.h" />
    <ClInclude Include="Backend\SDK\SurfaceData.h" />
    <ClInclude Include="Backend\SDK\player_info_t.h" />
    <ClInclude Include="Backend\SDK\color.h" />
    <ClInclude Include="Backend\SDK\qangle.h" />
    <ClInclude Include="Backend\SDK\quaternion.h" />
    <ClInclude Include="Backend\SDK\vector2d.h" />
    <ClInclude Include="Backend\SDK\vector3d.h" />
    <ClInclude Include="Backend\SDK\vmatrix.h" />
    <ClInclude Include="Backend\Interfaces\NetVar.h" />
    <ClInclude Include="Backend\Features\Visuals\Visuals.h" />
    <ClInclude Include="Backend\Hooking\Functions\LockCursor.hpp" />
    <ClInclude Include="Backend\Hooking\Functions\CreateMove.hpp" />
    <ClInclude Include="Backend\Hooking\Functions\FrameStageNotify.hpp" />
    <ClInclude Include="Backend\SDK\GlobalDefenitions.h" />
    <ClInclude Include="Backend\SDK\IClientMode.h" />
    <ClInclude Include="Backend\Features\Misc\Misc.h" />
    <ClInclude Include="Backend\Hooking\Functions\PaintTreverse.hpp" />
    <ClInclude Include="Backend\Features\Visuals\Drawing.h" />
    <ClInclude Include="Other\fonts.h" />
    <ClInclude Include="Backend\Features\EventListener.h" />
    <ClInclude Include="Backend\Hooking\Functions\DrawModelExecute.hpp" />
    <ClInclude Include="Backend\Hooking\Functions\DoPostScreenSpaceEffects.hpp" />
    <ClInclude Include="Backend\SDK\platform.hpp" />
    <ClInclude Include="Backend\SDK\UtlMemory.hpp" />
    <ClInclude Include="Backend\SDK\UtlVector.hpp" />
    <ClInclude Include="Other\sounds.h" />
    <ClInclude Include="Backend\Hooking\Functions\OverrideView.hpp" />
    <ClInclude Include="Backend\Hooking\Functions\SceneEnd.hpp" />
    <ClInclude Include="Backend\SDK\CMaterialHelper.h" />
    <ClInclude Include="Other\icon.h" />
    <ClInclude Include="Backend\SDK\IHandleEntity.h" />
    <ClInclude Include="Backend\SDK\BaseHandle.h" />
    <ClInclude Include="Backend\SDK\EHandle.h" />
    <ClInclude Include="Backend\SDK\Cbeam.h" />
    <ClInclude Include="Backend\Include\LuaClasses.h" />
    <ClInclude Include="Backend\Features\Visuals\EventLogger.h" />
    <ClInclude Include="Backend\Hooking\Functions\EmitSound.hpp" />
    <ClInclude Include="Backend\Include\GlobalVariables.hpp" />
    <ClInclude Include="Backend\Utility\Timer.h" />
    <ClInclude Include="Backend\Security\Security.h" />
    <ClInclude Include="Backend\Security\aes256.hpp" />
    <ClInclude Include="Backend\Security\base64.h" />
    <ClInclude Include="Backend\Security\blowfish.h" />
    <ClInclude Include="Backend\Security\md5.h" />
    <ClInclude Include="Backend\Features\Misc\LagCompensation.h" />
    <ClInclude Include="Backend\Hooking\Functions\EndScene.hpp" />
    <ClInclude Include="Backend\singleton.h" />
    <ClInclude Include="Backend\SDK\physsurface.h" />
    <ClInclude Include="Backend\Hashing\xorstr.h" />
    <ClInclude Include="Backend\Hooking\Functions\SendDataGram.hpp" />
    <ClInclude Include="Backend\Hooking\Functions\SetupBones.hpp" />
    <ClInclude Include="Backend\Security\fnv.hpp" />
    <ClInclude Include="Backend\DLL\HWID\HWID.h" />
    <ClInclude Include="Backend\Features\Ragebot\AntiAims.h" />
    <ClInclude Include="Backend\Features\Ragebot\Prediction\Pridiction.h" />
    <ClInclude Include="Backend\clip.h" />
    <ClInclude Include="Backend\clip_lock_impl.h" />
    <ClInclude Include="Backend\Lua\lauxlib.h" />
    <ClInclude Include="Backend\Lua\lua.h" />
    <ClInclude Include="Backend\Lua\lua.hpp" />
    <ClInclude Include="Backend\Lua\luaconf.h" />
    <ClInclude Include="Backend\Lua\lualib.h" />
    <ClInclude Include="Backend\Lua\sol.hpp" />
    <ClInclude Include="Backend\Lua\CLuaHook.h" />
    <ClInclude Include="Backend\Hooking\KeyHandler.h" />
    <ClInclude Include="Backend\Features\Ragebot\Resolver.h" />
    <ClInclude Include="Backend\DLL\Client\ActiveSocket.h" />
    <ClInclude Include="Backend\DLL\Client\Client.h" />
    <ClInclude Include="Backend\DLL\Client\Host.h" />
    <ClInclude Include="Backend\DLL\Client\PassiveSocket.h" />
    <ClInclude Include="Backend\DLL\Client\SimpleSocket.h" />
    <ClInclude Include="Backend\DLL\Client\StatTimer.h" />
    <ClInclude Include="Backend\DLL\Client\Xor.h" />
    <ClInclude Include="Backend\DLL\Client\main.h" />
    <ClInclude Include="Backend\DLL\Client\sha1.hpp" />
    <ClInclude Include="Backend\enigma_ide.h" />
    <ClInclude Include="Backend\lazyimports.h" />
    <ClInclude Include="Backend\SDK\ILocalize.h" />
    <ClInclude Include="Backend\Hooking\Functions\PostDataUpdate.h" />
    <ClInclude Include="Backend\Features\Skinchanger\cskin.h" />
    <ClInclude Include="Backend\Features\Skinchanger\DynSkin.h" />
    <ClInclude Include="Backend\Features\Ragebot\animation.h" />
    <ClInclude Include="Backend\SDK\handle.h" />
    <ClInclude Include="Backend\SDK\malloc.h" />
    <ClInclude Include="Backend\Lua\CLua.h" />
    <ClInclude Include="Frontend\UI\imconfig.h" />
    <ClInclude Include="Frontend\UI\imgui.h" />
    <ClInclude Include="Frontend\UI\imgui_impl_dx9.h" />
    <ClInclude Include="Frontend\UI\imgui_impl_win32.h" />
    <ClInclude Include="Frontend\UI\imgui_internal.h" />
    <ClInclude Include="Frontend\UI\imstb_rectpack.h" />
    <ClInclude Include="Frontend\UI\imstb_textedit.h" />
    <ClInclude Include="Frontend\UI\imstb_truetype.h" />
    <ClInclude Include="Frontend\Menu\cmenu.h" />
    <ClInclude Include="Frontend\Menu\bgtexture.h" />
    <ClInclude Include="Backend\Features\c_fps.h" />
    <ClInclude Include="Backend\DLL\HWID\winreg.h" />
    <ClInclude Include="Frontend\Menu\bindsfont.h" />
    <ClInclude Include="Backend\Features\Ragebot\c_ragebot.h" />
    <ClInclude Include="Backend\c_storage.h" />
    <ClInclude Include="Backend\Features\Ragebot\CAutoWall.h" />
    <ClInclude Include="Backend\Features\Ragebot\c_backtrack.h" />
    <ClInclude Include="Backend\Features\Ragebot\c_playerlist.h" />
    <ClInclude Include="Frontend\UI\imgui_freetype.h" />
    <ClInclude Include="Backend\SDK\vfunc.hpp" />
    <ClInclude Include="Frontend\Menu\MenuBackground.h" />
    <ClInclude Include="Frontend\Menu\MenuControls.h" />
    <ClInclude Include="Frontend\Menu\MenuFonts.h" />
    <ClInclude Include="Frontend\Menu\Dropdown.h" />
    <ClInclude Include="Backend\Hooking\Functions\listLeavesInBox.hpp" />
    <ClInclude Include="Backend\Hooking\Functions\WriteuUsercmdDeltaToBuffer.hpp" />
    <ClInclude Include="Backend\Hooking\Functions\DoExtraBonesProcessing.hpp" />
    <ClInclude Include="Backend\SDK\IGameRules.h" />
    <ClInclude Include="Backend\_fixes\anticrash.h" />
    <ClInclude Include="Backend\_fixes\lend\ld32.h" />
    <ClInclude Include="Backend\Features\Legitbot\c_legitbot.h" />
    <ClInclude Include="Backend\Hooking\Hooks\Hooks.h" />
    <ClInclude Include="Backend\Features\Legitbot\c_triggerbot.h" />
    <ClInclude Include="Backend\Features\Legitbot\legit_utils.h" />
    <ClInclude Include="Backend\Features\Legitbot\c_legit_backtrack.h" />
    <ClInclude Include="Backend\Features\Legitbot\c_legitbot2.h" />
    <ClInclude Include="Backend\Features\Skinchanger\skinchanger.h" />
    <ClInclude Include="Backend\Hooking\Functions\ReadPacketEntities.hpp" />
    <ClInclude Include="Backend\Hooking\Functions\FireEvent.hpp" />
    <ClInclude Include="Backend\Features\Skinchanger\skinchanger2.h" />
    <ClInclude Include="Backend\Features\Skinchanger\Memory.h" />
    <ClInclude Include="Backend\Features\Skinchanger\ItemSchema.h" />
    <ClInclude Include="Backend\Features\Skinchanger\item_definitions.hpp" />
    <ClInclude Include="Backend\Hooking\Functions\Sequence.hpp" />
    <ClInclude Include="Backend\Hooking\Functions\StandardBlendingRules.hpp" />
    <ClInclude Include="detours\detours.h" />
  </ItemGroup>
  <ItemGroup>
    <None Include="cpp.hint" />
    <None Include="detours\detours.pdb" />
  </ItemGroup>
  <ItemGroup>
    <Library Include="Lua.lib" />
    <Library Include="lua53.lib" />
    <Library Include="Backend\Lua\lua53.lib" />
    <Library Include="Backend\Lua\Lua.lib" />
    <Library Include="detours\detours.lib" />
  </ItemGroup>
</Project>