
Microsoft Visual Studio Solution File, Format Version 12.00
# Visual Studio 15
VisualStudioVersion = 15.0.26206.0
MinimumVisualStudioVersion = 10.0.40219.1
Project("{FAE04EC0-301F-11D3-BF4B-00C04F79EFBC}") = "CSGO Multihack", "CSGO Multihack\CSGO Multihack.csproj", "{421637C4-9929-4A60-873E-9D8C84A93A85}"
EndProject
Global
	GlobalSection(SolutionConfigurationPlatforms) = preSolution
		Debug|Any CPU = Debug|Any CPU
		Release|Any CPU = Release|Any CPU
	EndGlobalSection
	GlobalSection(ProjectConfigurationPlatforms) = postSolution
		{421637C4-9929-4A60-873E-9D8C84A93A85}.Debug|Any CPU.ActiveCfg = Debug|Any CPU
		{421637C4-9929-4A60-873E-9D8C84A93A85}.Debug|Any CPU.Build.0 = Debug|Any CPU
		{421637C4-9929-4A60-873E-9D8C84A93A85}.Release|Any CPU.ActiveCfg = Release|Any CPU
		{421637C4-9929-4A60-873E-9D8C84A93A85}.Release|Any CPU.Build.0 = Release|Any CPU
	EndGlobalSection
	GlobalSection(SolutionProperties) = preSolution
		HideSolutionNode = FALSE
	EndGlobalSection
EndGlobal
