
Microsoft Visual Studio Solution File, Format Version 12.00
# Visual Studio Version 16
VisualStudioVersion = 16.0.29911.84
MinimumVisualStudioVersion = 10.0.40219.1
Project("{FAE04EC0-301F-11D3-BF4B-00C04F79EFBC}") = "CSGO-Config-Sync", "CSGO Config Sync\CSGO-Config-Sync.csproj", "{A3864BD0-D504-4428-8DCC-78A06C046829}"
EndProject
Global
	GlobalSection(SolutionConfigurationPlatforms) = preSolution
		Debug|Any CPU = Debug|Any CPU
		Release|Any CPU = Release|Any CPU
	EndGlobalSection
	GlobalSection(ProjectConfigurationPlatforms) = postSolution
		{A3864BD0-D504-4428-8DCC-78A06C046829}.Debug|Any CPU.ActiveCfg = Debug|Any CPU
		{A3864BD0-D504-4428-8DCC-78A06C046829}.Debug|Any CPU.Build.0 = Debug|Any CPU
		{A3864BD0-D504-4428-8DCC-78A06C046829}.Release|Any CPU.ActiveCfg = Release|Any CPU
		{A3864BD0-D504-4428-8DCC-78A06C046829}.Release|Any CPU.Build.0 = Release|Any CPU
	EndGlobalSection
	GlobalSection(SolutionProperties) = preSolution
		HideSolutionNode = FALSE
	EndGlobalSection
	GlobalSection(ExtensibilityGlobals) = postSolution
		SolutionGuid = {EFD8E88D-DFEC-40A9-A4AB-CA1D97117D15}
	EndGlobalSection
EndGlobal
