<?xml version="1.0" encoding="utf-8"?>
<Project ToolsVersion="4.0" xmlns="http://schemas.microsoft.com/developer/msbuild/2003">
  <ItemGroup>
    <Filter Include="Source Files">
      <UniqueIdentifier>{4FC737F1-C7A5-4376-A066-2A32D752A2FF}</UniqueIdentifier>
      <Extensions>cpp;c;cc;cxx;def;odl;idl;hpj;bat;asm;asmx</Extensions>
    </Filter>
    <Filter Include="Header Files">
      <UniqueIdentifier>{93995380-89BD-4b04-88EB-625FBE52EBFB}</UniqueIdentifier>
      <Extensions>h;hh;hpp;hxx;hm;inl;inc;xsd</Extensions>
    </Filter>
    <Filter Include="Resource Files">
      <UniqueIdentifier>{67DA6AB6-F800-4c08-8B7A-83BB121AAD01}</UniqueIdentifier>
      <Extensions>rc;ico;cur;bmp;dlg;rc2;rct;bin;rgs;gif;jpg;jpeg;jpe;resx;tiff;tif;png;wav;mfcribbon-ms</Extensions>
    </Filter>
    <Filter Include="Header Files\SDK">
      <UniqueIdentifier>{532bd2d3-56d4-4b80-9705-133b9cef34df}</UniqueIdentifier>
    </Filter>
    <Filter Include="Header Files\imgui">
      <UniqueIdentifier>{be04c48c-66c1-4221-ac11-38f6bab82130}</UniqueIdentifier>
    </Filter>
    <Filter Include="Header Files\features">
      <UniqueIdentifier>{2bc982e4-598c-49fb-ad20-458d3b3bc2a8}</UniqueIdentifier>
    </Filter>
    <Filter Include="Source Files\SDK">
      <UniqueIdentifier>{edb96b28-881c-4810-bf58-6ef7ed18cd5d}</UniqueIdentifier>
    </Filter>
    <Filter Include="Source Files\imgui">
      <UniqueIdentifier>{162aa2f8-15b9-4b39-a283-b120ebdf8013}</UniqueIdentifier>
    </Filter>
    <Filter Include="Source Files\features">
      <UniqueIdentifier>{69bb20b4-f120-4f70-8694-cf3aaa9c085c}</UniqueIdentifier>
    </Filter>
  </ItemGroup>
  <ItemGroup>
    <ClCompile Include="Helpers\math.cpp">
      <Filter>Source Files</Filter>
    </ClCompile>
    <ClCompile Include="Helpers\utils.cpp">
      <Filter>Source Files</Filter>
    </ClCompile>
    <ClCompile Include="main.cpp">
      <Filter>Source Files</Filter>
    </ClCompile>
    <ClCompile Include="valve_sdk\misc\characterset.cpp">
      <Filter>Source Files\SDK</Filter>
    </ClCompile>
    <ClCompile Include="valve_sdk\misc\checksum_crc.cpp">
      <Filter>Source Files\SDK</Filter>
    </ClCompile>
    <ClCompile Include="valve_sdk\misc\checksum_md5.cpp">
      <Filter>Source Files\SDK</Filter>
    </ClCompile>
    <ClCompile Include="valve_sdk\csgostructs.cpp">
      <Filter>Source Files\SDK</Filter>
    </ClCompile>
    <ClCompile Include="valve_sdk\sdk.cpp">
      <Filter>Source Files\SDK</Filter>
    </ClCompile>
    <ClCompile Include="valve_sdk\misc\UtlBuffer.cpp">
      <Filter>Source Files\SDK</Filter>
    </ClCompile>
    <ClCompile Include="valve_sdk\misc\UtlString.cpp">
      <Filter>Source Files\SDK</Filter>
    </ClCompile>
    <ClCompile Include="valve_sdk\math\Vector2D.cpp">
      <Filter>Source Files\SDK</Filter>
    </ClCompile>
    <ClCompile Include="valve_sdk\math\Vector4D.cpp">
      <Filter>Source Files\SDK</Filter>
    </ClCompile>
    <ClCompile Include="helpers\vfunc_hook.cpp">
      <Filter>Source Files\SDK</Filter>
    </ClCompile>
    <ClCompile Include="valve_sdk\math\VMatrix.cpp">
      <Filter>Source Files\SDK</Filter>
    </ClCompile>
    <ClCompile Include="valve_sdk\misc\Convar.cpp">
      <Filter>Source Files\SDK</Filter>
    </ClCompile>
    <ClCompile Include="valve_sdk\misc\Color.cpp">
      <Filter>Source Files\SDK</Filter>
    </ClCompile>
    <ClCompile Include="valve_sdk\netvars.cpp">
      <Filter>Source Files\SDK</Filter>
    </ClCompile>
    <ClCompile Include="helpers\input.cpp">
      <Filter>Source Files\SDK</Filter>
    </ClCompile>
    <ClCompile Include="features\visuals.cpp">
      <Filter>Source Files\features</Filter>
    </ClCompile>
    <ClCompile Include="hooks\hooks.cpp">
      <Filter>Source Files</Filter>
    </ClCompile>
    <ClCompile Include="menu\menu.cpp">
      <Filter>Source Files</Filter>
    </ClCompile>
    <ClCompile Include="options.cpp">
      <Filter>Source Files</Filter>
    </ClCompile>
    <ClCompile Include="hooks\end_scene.cpp">
      <Filter>Source Files</Filter>
    </ClCompile>
    <ClCompile Include="hooks\reset.cpp">
      <Filter>Source Files</Filter>
    </ClCompile>
    <ClCompile Include="hooks\create_move.cpp">
      <Filter>Source Files</Filter>
    </ClCompile>
    <ClCompile Include="hooks\paint_traverse.cpp">
      <Filter>Source Files</Filter>
    </ClCompile>
    <ClCompile Include="hooks\emit_sound.cpp">
      <Filter>Source Files</Filter>
    </ClCompile>
    <ClCompile Include="hooks\do_post_screen_effects.cpp">
      <Filter>Source Files</Filter>
    </ClCompile>
    <ClCompile Include="hooks\frame_stage_notify.cpp">
      <Filter>Source Files</Filter>
    </ClCompile>
    <ClCompile Include="hooks\override_view.cpp">
      <Filter>Source Files</Filter>
    </ClCompile>
    <ClCompile Include="hooks\lock_cursor.cpp">
      <Filter>Source Files</Filter>
    </ClCompile>
    <ClCompile Include="hooks\draw_model_execute.cpp">
      <Filter>Source Files</Filter>
    </ClCompile>
    <ClCompile Include="hooks\sv_cheats_get_bool.cpp">
      <Filter>Source Files</Filter>
    </ClCompile>
    <ClCompile Include="helpers\globals.cpp">
      <Filter>Source Files</Filter>
    </ClCompile>
    <ClCompile Include="helpers\console.cpp">
      <Filter>Source Files</Filter>
    </ClCompile>
    <ClCompile Include="helpers\debug_console.cpp">
      <Filter>Source Files</Filter>
    </ClCompile>
    <ClCompile Include="hooks\scene_end.cpp">
      <Filter>Source Files</Filter>
    </ClCompile>
    <ClCompile Include="renderer\vgui_render.cpp">
      <Filter>Source Files</Filter>
    </ClCompile>
    <ClCompile Include="hooks\fire_event.cpp">
      <Filter>Source Files</Filter>
    </ClCompile>
    <ClCompile Include="valve_sdk\math\Vector.cpp">
      <Filter>Source Files</Filter>
    </ClCompile>
    <ClCompile Include="hooks\temp_entities.cpp">
      <Filter>Source Files</Filter>
    </ClCompile>
    <ClCompile Include="features\misc.cpp">
      <Filter>Source Files</Filter>
    </ClCompile>
    <ClCompile Include="helpers\material_helper.cpp">
      <Filter>Source Files</Filter>
    </ClCompile>
    <ClCompile Include="hooks\setup_bones.cpp">
      <Filter>Source Files</Filter>
    </ClCompile>
    <ClCompile Include="features\debug_overlay.cpp">
      <Filter>Source Files</Filter>
    </ClCompile>
    <ClCompile Include="features\chams.cpp">
      <Filter>Source Files</Filter>
    </ClCompile>
    <ClCompile Include="menu\hades_menu.cpp">
      <Filter>Source Files</Filter>
    </ClCompile>
    <ClCompile Include="features\keybind_system.cpp">
      <Filter>Source Files</Filter>
    </ClCompile>
    <ClCompile Include="security\security.cpp">
      <Filter>Source Files</Filter>
    </ClCompile>
    <ClCompile Include="hooks\wnd_proc.cpp">
      <Filter>Source Files</Filter>
    </ClCompile>
    <ClCompile Include="features\features.cpp">
      <Filter>Source Files</Filter>
    </ClCompile>
    <ClCompile Include="helpers\helpers.cpp">
      <Filter>Source Files</Filter>
    </ClCompile>
    <ClCompile Include="hooks\listener_entity.cpp">
      <Filter>Source Files</Filter>
    </ClCompile>
    <ClCompile Include="hooks\do_extra_bones_processing.cpp">
      <Filter>Source Files</Filter>
    </ClCompile>
    <ClCompile Include="hooks\update_client_side_animation.cpp">
      <Filter>Source Files</Filter>
    </ClCompile>
    <ClCompile Include="hooks\is_hltv.cpp">
      <Filter>Source Files</Filter>
    </ClCompile>
    <ClCompile Include="hooks\in_prediction.cpp">
      <Filter>Source Files</Filter>
    </ClCompile>
    <ClCompile Include="hooks\accumulate_layers.cpp">
      <Filter>Source Files</Filter>
    </ClCompile>
    <ClCompile Include="lua\setup.cpp">
      <Filter>Source Files</Filter>
    </ClCompile>
    <ClCompile Include="hooks\get_eye_angles.cpp">
      <Filter>Source Files</Filter>
    </ClCompile>
    <ClCompile Include="features\legitbot\legitbot.cpp">
      <Filter>Source Files</Filter>
    </ClCompile>
    <ClCompile Include="features\ragebot\antiaim\anti_aim.cpp">
      <Filter>Source Files</Filter>
    </ClCompile>
    <ClCompile Include="features\ragebot\antiaim\fakelag.cpp">
      <Filter>Source Files</Filter>
    </ClCompile>
    <ClCompile Include="features\ragebot\aimbot\autowall.cpp">
      <Filter>Source Files</Filter>
    </ClCompile>
    <ClCompile Include="features\ragebot\aimbot\rage_backtrack.cpp">
      <Filter>Source Files</Filter>
    </ClCompile>
    <ClCompile Include="features\ragebot\aimbot\ragebot.cpp">
      <Filter>Source Files</Filter>
    </ClCompile>
    <ClCompile Include="features\misc\engine_prediction.cpp">
      <Filter>Source Files</Filter>
    </ClCompile>
    <ClCompile Include="features\misc\event_logger.cpp">
      <Filter>Source Files</Filter>
    </ClCompile>
    <ClCompile Include="features\misc\movement.cpp">
      <Filter>Source Files</Filter>
    </ClCompile>
    <ClCompile Include="helpers\api\hades_api.cpp">
      <Filter>Source Files</Filter>
    </ClCompile>
    <ClCompile Include="helpers\security\heartbeat\heartbeat.cpp">
      <Filter>Source Files</Filter>
    </ClCompile>
    <ClCompile Include="helpers\security\user\user.cpp">
      <Filter>Source Files</Filter>
    </ClCompile>
    <ClCompile Include="menu\imgui\dx9\imgui_impl_dx9.cpp">
      <Filter>Source Files</Filter>
    </ClCompile>
    <ClCompile Include="menu\imgui\imgui.cpp">
      <Filter>Source Files</Filter>
    </ClCompile>
    <ClCompile Include="menu\imgui\imgui_draw.cpp">
      <Filter>Source Files</Filter>
    </ClCompile>
    <ClCompile Include="hooks\post_data_update.cpp">
      <Filter>Source Files</Filter>
    </ClCompile>
    <ClCompile Include="features\ragebot\resolver\resolver.cpp">
      <Filter>Source Files</Filter>
    </ClCompile>
    <ClCompile Include="features\ragebot\aimbot\new_ragebot.cpp">
      <Filter>Source Files</Filter>
    </ClCompile>
    <ClCompile Include="features\visuals\c_animations.cpp">
      <Filter>Source Files</Filter>
    </ClCompile>
    <ClCompile Include="rebuild\rebuild.cpp">
      <Filter>Source Files</Filter>
    </ClCompile>
    <ClCompile Include="features\ragebot\antiaim\new_anti_aim.cpp">
      <Filter>Source Files</Filter>
    </ClCompile>
  </ItemGroup>
  <ItemGroup>
    <ClInclude Include="valve_sdk\misc\BaseHandle.hpp">
      <Filter>Header Files\SDK</Filter>
    </ClInclude>
    <ClInclude Include="valve_sdk\interfaces\CClientState.hpp">
      <Filter>Header Files\SDK</Filter>
    </ClInclude>
    <ClInclude Include="valve_sdk\misc\characterset.hpp">
      <Filter>Header Files\SDK</Filter>
    </ClInclude>
    <ClInclude Include="valve_sdk\misc\checksum_crc.hpp">
      <Filter>Header Files\SDK</Filter>
    </ClInclude>
    <ClInclude Include="valve_sdk\misc\checksum_md5.hpp">
      <Filter>Header Files\SDK</Filter>
    </ClInclude>
    <ClInclude Include="valve_sdk\misc\ClientClass.hpp">
      <Filter>Header Files\SDK</Filter>
    </ClInclude>
    <ClInclude Include="valve_sdk\misc\Color.hpp">
      <Filter>Header Files\SDK</Filter>
    </ClInclude>
    <ClInclude Include="valve_sdk\misc\Convar.hpp">
      <Filter>Header Files\SDK</Filter>
    </ClInclude>
    <ClInclude Include="valve_sdk\misc\EHandle.hpp">
      <Filter>Header Files\SDK</Filter>
    </ClInclude>
    <ClInclude Include="valve_sdk\misc\Enums.hpp">
      <Filter>Header Files\SDK</Filter>
    </ClInclude>
    <ClInclude Include="valve_sdk\misc\GlobalVars.hpp">
      <Filter>Header Files\SDK</Filter>
    </ClInclude>
    <ClInclude Include="valve_sdk\misc\glow_outline_effect.hpp">
      <Filter>Header Files\SDK</Filter>
    </ClInclude>
    <ClInclude Include="valve_sdk\interfaces\IAppSystem.hpp">
      <Filter>Header Files\SDK</Filter>
    </ClInclude>
    <ClInclude Include="valve_sdk\interfaces\IBaseClientDll.hpp">
      <Filter>Header Files\SDK</Filter>
    </ClInclude>
    <ClInclude Include="valve_sdk\interfaces\IClientEntity.hpp">
      <Filter>Header Files\SDK</Filter>
    </ClInclude>
    <ClInclude Include="valve_sdk\interfaces\IClientEntityList.hpp">
      <Filter>Header Files\SDK</Filter>
    </ClInclude>
    <ClInclude Include="valve_sdk\interfaces\IClientMode.hpp">
      <Filter>Header Files\SDK</Filter>
    </ClInclude>
    <ClInclude Include="valve_sdk\interfaces\IClientNetworkable.hpp">
      <Filter>Header Files\SDK</Filter>
    </ClInclude>
    <ClInclude Include="valve_sdk\interfaces\IClientRenderable.hpp">
      <Filter>Header Files\SDK</Filter>
    </ClInclude>
    <ClInclude Include="valve_sdk\interfaces\IClientThinkable.hpp">
      <Filter>Header Files\SDK</Filter>
    </ClInclude>
    <ClInclude Include="valve_sdk\interfaces\IClientUnknown.hpp">
      <Filter>Header Files\SDK</Filter>
    </ClInclude>
    <ClInclude Include="valve_sdk\interfaces\ICollideable.hpp">
      <Filter>Header Files\SDK</Filter>
    </ClInclude>
    <ClInclude Include="valve_sdk\interfaces\ICvar.hpp">
      <Filter>Header Files\SDK</Filter>
    </ClInclude>
    <ClInclude Include="valve_sdk\interfaces\IEngineSound.hpp">
      <Filter>Header Files\SDK</Filter>
    </ClInclude>
    <ClInclude Include="valve_sdk\interfaces\IEngineTrace.hpp">
      <Filter>Header Files\SDK</Filter>
    </ClInclude>
    <ClInclude Include="valve_sdk\interfaces\IGameEventmanager.hpp">
      <Filter>Header Files\SDK</Filter>
    </ClInclude>
    <ClInclude Include="valve_sdk\misc\IHandleEntity.hpp">
      <Filter>Header Files\SDK</Filter>
    </ClInclude>
    <ClInclude Include="valve_sdk\interfaces\IMaterialSystem.hpp">
      <Filter>Header Files\SDK</Filter>
    </ClInclude>
    <ClInclude Include="valve_sdk\interfaces\IMDLCache.hpp">
      <Filter>Header Files\SDK</Filter>
    </ClInclude>
    <ClInclude Include="valve_sdk\interfaces\IMoveHelper.hpp">
      <Filter>Header Files\SDK</Filter>
    </ClInclude>
    <ClInclude Include="valve_sdk\interfaces\IPanel.hpp">
      <Filter>Header Files\SDK</Filter>
    </ClInclude>
    <ClInclude Include="valve_sdk\interfaces\IPhysics.hpp">
      <Filter>Header Files\SDK</Filter>
    </ClInclude>
    <ClInclude Include="valve_sdk\interfaces\IPrediction.hpp">
      <Filter>Header Files\SDK</Filter>
    </ClInclude>
    <ClInclude Include="valve_sdk\interfaces\IRenderView.hpp">
      <Filter>Header Files\SDK</Filter>
    </ClInclude>
    <ClInclude Include="valve_sdk\interfaces\ISurface.hpp">
      <Filter>Header Files\SDK</Filter>
    </ClInclude>
    <ClInclude Include="valve_sdk\interfaces\IVDebugOverlay.hpp">
      <Filter>Header Files\SDK</Filter>
    </ClInclude>
    <ClInclude Include="valve_sdk\interfaces\IVEngineClient.hpp">
      <Filter>Header Files\SDK</Filter>
    </ClInclude>
    <ClInclude Include="valve_sdk\interfaces\IViewRender.hpp">
      <Filter>Header Files\SDK</Filter>
    </ClInclude>
    <ClInclude Include="valve_sdk\interfaces\IVModelInfoClient.hpp">
      <Filter>Header Files\SDK</Filter>
    </ClInclude>
    <ClInclude Include="valve_sdk\interfaces\IVModelRender.hpp">
      <Filter>Header Files\SDK</Filter>
    </ClInclude>
    <ClInclude Include="valve_sdk\misc\platform.hpp">
      <Filter>Header Files\SDK</Filter>
    </ClInclude>
    <ClInclude Include="valve_sdk\math\QAngle.hpp">
      <Filter>Header Files\SDK</Filter>
    </ClInclude>
    <ClInclude Include="valve_sdk\misc\Recv.hpp">
      <Filter>Header Files\SDK</Filter>
    </ClInclude>
    <ClInclude Include="valve_sdk\sdk.hpp">
      <Filter>Header Files\SDK</Filter>
    </ClInclude>
    <ClInclude Include="valve_sdk\misc\Studio.hpp">
      <Filter>Header Files\SDK</Filter>
    </ClInclude>
    <ClInclude Include="valve_sdk\misc\UtlBuffer.hpp">
      <Filter>Header Files\SDK</Filter>
    </ClInclude>
    <ClInclude Include="valve_sdk\misc\UtlMemory.hpp">
      <Filter>Header Files\SDK</Filter>
    </ClInclude>
    <ClInclude Include="valve_sdk\misc\UtlString.hpp">
      <Filter>Header Files\SDK</Filter>
    </ClInclude>
    <ClInclude Include="valve_sdk\misc\UtlVector.hpp">
      <Filter>Header Files\SDK</Filter>
    </ClInclude>
    <ClInclude Include="valve_sdk\math\Vector.hpp">
      <Filter>Header Files\SDK</Filter>
    </ClInclude>
    <ClInclude Include="valve_sdk\math\Vector2D.hpp">
      <Filter>Header Files\SDK</Filter>
    </ClInclude>
    <ClInclude Include="valve_sdk\math\Vector4D.hpp">
      <Filter>Header Files\SDK</Filter>
    </ClInclude>
    <ClInclude Include="valve_sdk\misc\vfunc.hpp">
      <Filter>Header Files\SDK</Filter>
    </ClInclude>
    <ClInclude Include="valve_sdk\math\VMatrix.hpp">
      <Filter>Header Files\SDK</Filter>
    </ClInclude>
    <ClInclude Include="helpers\math.hpp">
      <Filter>Header Files</Filter>
    </ClInclude>
    <ClInclude Include="helpers\utils.hpp">
      <Filter>Header Files</Filter>
    </ClInclude>
    <ClInclude Include="helpers\vfunc_hook.hpp">
      <Filter>Header Files</Filter>
    </ClInclude>
    <ClInclude Include="features\visuals.hpp">
      <Filter>Header Files\features</Filter>
    </ClInclude>
    <ClInclude Include="valve_sdk\csgostructs.hpp">
      <Filter>Header Files\SDK</Filter>
    </ClInclude>
    <ClInclude Include="valve_sdk\netvars.hpp">
      <Filter>Header Files\SDK</Filter>
    </ClInclude>
    <ClInclude Include="helpers\input.hpp">
      <Filter>Header Files</Filter>
    </ClInclude>
    <ClInclude Include="hooks\hooks.hpp">
      <Filter>Header Files</Filter>
    </ClInclude>
    <ClInclude Include="menu\menu.hpp">
      <Filter>Header Files</Filter>
    </ClInclude>
    <ClInclude Include="datamap.hpp">
      <Filter>Header Files</Filter>
    </ClInclude>
    <ClInclude Include="droid.hpp">
      <Filter>Header Files</Filter>
    </ClInclude>
    <ClInclude Include="IRefCounted.h">
      <Filter>Header Files\SDK</Filter>
    </ClInclude>
    <ClInclude Include="helpers\globals.h">
      <Filter>Header Files</Filter>
    </ClInclude>
    <ClInclude Include="helpers\console.h">
      <Filter>Header Files</Filter>
    </ClInclude>
    <ClInclude Include="helpers\debug_console.h">
      <Filter>Header Files</Filter>
    </ClInclude>
    <ClInclude Include="renderer\vgui_render.h">
      <Filter>Header Files</Filter>
    </ClInclude>
    <ClInclude Include="features\misc.h">
      <Filter>Header Files</Filter>
    </ClInclude>
    <ClInclude Include="helpers\material_helper.h">
      <Filter>Header Files</Filter>
    </ClInclude>
    <ClInclude Include="valve_sdk\interfaces\IViewRenderBeams.h">
      <Filter>Header Files</Filter>
    </ClInclude>
    <ClInclude Include="features\debug_overlay.h">
      <Filter>Header Files</Filter>
    </ClInclude>
    <ClInclude Include="options.h">
      <Filter>Header Files</Filter>
    </ClInclude>
    <ClInclude Include="features\chams.h">
      <Filter>Header Files</Filter>
    </ClInclude>
    <ClInclude Include="valve_sdk\interfaces\memalloc.h">
      <Filter>Header Files</Filter>
    </ClInclude>
    <ClInclude Include="menu\hades_menu.h">
      <Filter>Header Files</Filter>
    </ClInclude>
    <ClInclude Include="build_config.h">
      <Filter>Header Files</Filter>
    </ClInclude>
    <ClInclude Include="features\keybind_system.h">
      <Filter>Header Files</Filter>
    </ClInclude>
    <ClInclude Include="include\INIReader.h">
      <Filter>Header Files</Filter>
    </ClInclude>
    <ClInclude Include="security\atlrx.h">
      <Filter>Header Files</Filter>
    </ClInclude>
    <ClInclude Include="security\RegExp.h">
      <Filter>Header Files</Filter>
    </ClInclude>
    <ClInclude Include="security\StringProcess.h">
      <Filter>Header Files</Filter>
    </ClInclude>
    <ClInclude Include="security\WinHttpClient.h">
      <Filter>Header Files</Filter>
    </ClInclude>
    <ClInclude Include="security\security.h">
      <Filter>Header Files</Filter>
    </ClInclude>
    <ClInclude Include="include\json.h">
      <Filter>Header Files</Filter>
    </ClInclude>
    <ClInclude Include="features\features.h">
      <Filter>Header Files</Filter>
    </ClInclude>
    <ClInclude Include="helpers\helpers.h">
      <Filter>Header Files</Filter>
    </ClInclude>
    <ClInclude Include="hooks\listener_entity.h">
      <Filter>Header Files</Filter>
    </ClInclude>
    <ClInclude Include="helpers\lazyimporter.h">
      <Filter>Header Files</Filter>
    </ClInclude>
    <ClInclude Include="valve_sdk\interfaces\c_input.hpp">
      <Filter>Header Files\SDK</Filter>
    </ClInclude>
    <ClInclude Include="valve_sdk\interfaces\icon_var.hpp">
      <Filter>Header Files\SDK</Filter>
    </ClInclude>
    <ClInclude Include="include\sol.h">
      <Filter>Header Files</Filter>
    </ClInclude>
    <ClInclude Include="lua\lua_support.h">
      <Filter>Header Files</Filter>
    </ClInclude>
    <ClInclude Include="valve_sdk\interfaces\IInputSystem.hpp">
      <Filter>Header Files</Filter>
    </ClInclude>
    <ClInclude Include="lua\types.h">
      <Filter>Header Files</Filter>
    </ClInclude>
    <ClInclude Include="valve_sdk\misc\usercmd_t.hpp">
      <Filter>Header Files\SDK</Filter>
    </ClInclude>
    <ClInclude Include="helpers\ctx\ctx.hpp">
      <Filter>Header Files</Filter>
    </ClInclude>
    <ClInclude Include="helpers\ctx\client.hpp">
      <Filter>Header Files</Filter>
    </ClInclude>
    <ClInclude Include="features\legitbot\legitbot.h">
      <Filter>Header Files</Filter>
    </ClInclude>
    <ClInclude Include="features\ragebot\antiaim\anti_aim.h">
      <Filter>Header Files</Filter>
    </ClInclude>
    <ClInclude Include="features\ragebot\ragebot.hpp">
      <Filter>Header Files</Filter>
    </ClInclude>
    <ClInclude Include="features\ragebot\antiaim\fakelag.h">
      <Filter>Header Files</Filter>
    </ClInclude>
    <ClInclude Include="features\ragebot\aimbot\autowall.h">
      <Filter>Header Files</Filter>
    </ClInclude>
    <ClInclude Include="features\ragebot\aimbot\rage_backtrack.h">
      <Filter>Header Files</Filter>
    </ClInclude>
    <ClInclude Include="features\ragebot\aimbot\ragebot.h">
      <Filter>Header Files</Filter>
    </ClInclude>
    <ClInclude Include="features\misc\misc.hpp">
      <Filter>Header Files</Filter>
    </ClInclude>
    <ClInclude Include="features\visuals\visuals.hpp">
      <Filter>Header Files</Filter>
    </ClInclude>
    <ClInclude Include="features\misc\engine_prediction.h">
      <Filter>Header Files</Filter>
    </ClInclude>
    <ClInclude Include="features\misc\event_logger.h">
      <Filter>Header Files</Filter>
    </ClInclude>
    <ClInclude Include="helpers\security\security.hpp">
      <Filter>Header Files</Filter>
    </ClInclude>
    <ClInclude Include="helpers\security\xor_str.h">
      <Filter>Header Files</Filter>
    </ClInclude>
    <ClInclude Include="features\misc\movement.h">
      <Filter>Header Files</Filter>
    </ClInclude>
    <ClInclude Include="helpers\api\hades_api.hpp">
      <Filter>Header Files</Filter>
    </ClInclude>
    <ClInclude Include="helpers\security\heartbeat\heartbeat.h">
      <Filter>Header Files</Filter>
    </ClInclude>
    <ClInclude Include="helpers\security\user\user.h">
      <Filter>Header Files</Filter>
    </ClInclude>
    <ClInclude Include="helpers\ctx\cheat_user.h">
      <Filter>Header Files</Filter>
    </ClInclude>
    <ClInclude Include="menu\imgui\dx9\imgui_impl_dx9.h">
      <Filter>Header Files</Filter>
    </ClInclude>
    <ClInclude Include="menu\imgui\font.hh">
      <Filter>Header Files</Filter>
    </ClInclude>
    <ClInclude Include="menu\imgui\imconfig.h">
      <Filter>Header Files</Filter>
    </ClInclude>
    <ClInclude Include="menu\imgui\imgui.h">
      <Filter>Header Files</Filter>
    </ClInclude>
    <ClInclude Include="menu\imgui\imgui_internal.h">
      <Filter>Header Files</Filter>
    </ClInclude>
    <ClInclude Include="menu\imgui\stb_rect_pack.h">
      <Filter>Header Files</Filter>
    </ClInclude>
    <ClInclude Include="menu\imgui\stb_textedit.h">
      <Filter>Header Files</Filter>
    </ClInclude>
    <ClInclude Include="menu\imgui\stb_truetype.h">
      <Filter>Header Files</Filter>
    </ClInclude>
    <ClInclude Include="features\ragebot\resolver\resolver.h">
      <Filter>Header Files</Filter>
    </ClInclude>
    <ClInclude Include="helpers\ctx\cheat.h">
      <Filter>Header Files</Filter>
    </ClInclude>
    <ClInclude Include="features\ragebot\aimbot\new_ragebot.h">
      <Filter>Header Files</Filter>
    </ClInclude>
    <ClInclude Include="features\visuals\c_animations.h">
      <Filter>Header Files</Filter>
    </ClInclude>
    <ClInclude Include="rebuild\rebuild.h">
      <Filter>Header Files</Filter>
    </ClInclude>
    <ClInclude Include="features\ragebot\antiaim\new_anti_aim.h">
      <Filter>Header Files</Filter>
    </ClInclude>
  </ItemGroup>
</Project>