Microsoft Visual Studio Solution File, Format Version 12.00
# Visual Studio Version 16
VisualStudioVersion = 16.0.29409.12
MinimumVisualStudioVersion = 10.0.40219.1
Project("{FAE04EC0-301F-11D3-BF4B-00C04F79EFBC}") = "SteamWrapper", "SteamWrapper.csproj", "{8FA94C15-36D4-4EA4-A625-9D40E26FD82D}"
EndProject
Global
	GlobalSection(SolutionConfigurationPlatforms) = preSolution
		Debug|Any CPU = Debug|Any CPU
		Release|Any CPU = Release|Any CPU
	EndGlobalSection
	GlobalSection(ProjectConfigurationPlatforms) = postSolution
		{8FA94C15-36D4-4EA4-A625-9D40E26FD82D}.Debug|Any CPU.ActiveCfg = Debug|Any CPU
		{8FA94C15-36D4-4EA4-A625-9D40E26FD82D}.Debug|Any CPU.Build.0 = Debug|Any CPU
		{8FA94C15-36D4-4EA4-A625-9D40E26FD82D}.Release|Any CPU.ActiveCfg = Release|Any CPU
		{8FA94C15-36D4-4EA4-A625-9D40E26FD82D}.Release|Any CPU.Build.0 = Release|Any CPU
	EndGlobalSection
	GlobalSection(SolutionProperties) = preSolution
		HideSolutionNode = FALSE
	EndGlobalSection
	GlobalSection(ExtensibilityGlobals) = postSolution
		SolutionGuid = {EB438CDA-CB54-42FB-BC35-3EE3596DFC95}
	EndGlobalSection
EndGlobal
